
Microsoft Visual Studio Solution File, Format Version 12.00
# Visual Studio Version 17
VisualStudioVersion = 17.6.33801.468
MinimumVisualStudioVersion = 10.0.40219.1
Project("{9A19103F-16F7-4668-BE54-9A1E7A4F7556}") = "RazorPages", "RazorPages\RazorPages.csproj", "{902B3B60-0CAE-472B-B739-046B273D24CD}"
EndProject
Project("{2150E333-8FDC-42A3-9474-1A3956D46DE8}") = "1.Presentation", "1.Presentation", "{E355D0DC-476B-4B68-8E61-EEEED887B5D2}"
EndProject
Project("{2150E333-8FDC-42A3-9474-1A3956D46DE8}") = "2.Service", "2.Service", "{82DBBF9F-F7CC-4E0B-857F-739920FDF2D3}"
EndProject
Project("{2150E333-8FDC-42A3-9474-1A3956D46DE8}") = "3.Repository", "3.Repository", "{0446236A-9933-45B6-9ED8-300D31C94CF6}"
EndProject
Project("{2150E333-8FDC-42A3-9474-1A3956D46DE8}") = "4.DomainEntitys", "4.DomainEntitys", "{81AF07A2-B490-4C82-9E8B-0803A25E94BD}"
EndProject
Project("{9A19103F-16F7-4668-BE54-9A1E7A4F7556}") = "ASPNETCORE.Data", "ASPNETCORE.Data\ASPNETCORE.Data.csproj", "{17AEE232-DB28-4DDD-889B-E7D76B9C9B57}"
EndProject
Project("{9A19103F-16F7-4668-BE54-9A1E7A4F7556}") = "ASPNETCORE.Service", "ASPNETCORE.Service\ASPNETCORE.Service.csproj", "{98C349E2-5382-4E68-B00E-687BF2BD6134}"
EndProject
Project("{9A19103F-16F7-4668-BE54-9A1E7A4F7556}") = "ASPNETCORE.Repository", "ASPNETCORE.Repository\ASPNETCORE.Repository.csproj", "{7765BCEB-3EF9-44AF-B99F-BEA9741748DD}"
EndProject
Project("{FAE04EC0-301F-11D3-BF4B-00C04F79EFBC}") = "MVC", "MVC\MVC.csproj", "{6BD2793D-18B9-4A07-90A9-0E89278C6AF0}"
EndProject
Global
	GlobalSection(SolutionConfigurationPlatforms) = preSolution
		Debug|Any CPU = Debug|Any CPU
		Release|Any CPU = Release|Any CPU
	EndGlobalSection
	GlobalSection(ProjectConfigurationPlatforms) = postSolution
		{902B3B60-0CAE-472B-B739-046B273D24CD}.Debug|Any CPU.ActiveCfg = Debug|Any CPU
		{902B3B60-0CAE-472B-B739-046B273D24CD}.Debug|Any CPU.Build.0 = Debug|Any CPU
		{902B3B60-0CAE-472B-B739-046B273D24CD}.Release|Any CPU.ActiveCfg = Release|Any CPU
		{902B3B60-0CAE-472B-B739-046B273D24CD}.Release|Any CPU.Build.0 = Release|Any CPU
		{17AEE232-DB28-4DDD-889B-E7D76B9C9B57}.Debug|Any CPU.ActiveCfg = Debug|Any CPU
		{17AEE232-DB28-4DDD-889B-E7D76B9C9B57}.Debug|Any CPU.Build.0 = Debug|Any CPU
		{17AEE232-DB28-4DDD-889B-E7D76B9C9B57}.Release|Any CPU.ActiveCfg = Release|Any CPU
		{17AEE232-DB28-4DDD-889B-E7D76B9C9B57}.Release|Any CPU.Build.0 = Release|Any CPU
		{98C349E2-5382-4E68-B00E-687BF2BD6134}.Debug|Any CPU.ActiveCfg = Debug|Any CPU
		{98C349E2-5382-4E68-B00E-687BF2BD6134}.Debug|Any CPU.Build.0 = Debug|Any CPU
		{98C349E2-5382-4E68-B00E-687BF2BD6134}.Release|Any CPU.ActiveCfg = Release|Any CPU
		{98C349E2-5382-4E68-B00E-687BF2BD6134}.Release|Any CPU.Build.0 = Release|Any CPU
		{7765BCEB-3EF9-44AF-B99F-BEA9741748DD}.Debug|Any CPU.ActiveCfg = Debug|Any CPU
		{7765BCEB-3EF9-44AF-B99F-BEA9741748DD}.Debug|Any CPU.Build.0 = Debug|Any CPU
		{7765BCEB-3EF9-44AF-B99F-BEA9741748DD}.Release|Any CPU.ActiveCfg = Release|Any CPU
		{7765BCEB-3EF9-44AF-B99F-BEA9741748DD}.Release|Any CPU.Build.0 = Release|Any CPU
		{6BD2793D-18B9-4A07-90A9-0E89278C6AF0}.Debug|Any CPU.ActiveCfg = Debug|Any CPU
		{6BD2793D-18B9-4A07-90A9-0E89278C6AF0}.Debug|Any CPU.Build.0 = Debug|Any CPU
		{6BD2793D-18B9-4A07-90A9-0E89278C6AF0}.Release|Any CPU.ActiveCfg = Release|Any CPU
		{6BD2793D-18B9-4A07-90A9-0E89278C6AF0}.Release|Any CPU.Build.0 = Release|Any CPU
	EndGlobalSection
	GlobalSection(SolutionProperties) = preSolution
		HideSolutionNode = FALSE
	EndGlobalSection
	GlobalSection(NestedProjects) = preSolution
		{902B3B60-0CAE-472B-B739-046B273D24CD} = {E355D0DC-476B-4B68-8E61-EEEED887B5D2}
		{17AEE232-DB28-4DDD-889B-E7D76B9C9B57} = {81AF07A2-B490-4C82-9E8B-0803A25E94BD}
		{98C349E2-5382-4E68-B00E-687BF2BD6134} = {82DBBF9F-F7CC-4E0B-857F-739920FDF2D3}
		{7765BCEB-3EF9-44AF-B99F-BEA9741748DD} = {0446236A-9933-45B6-9ED8-300D31C94CF6}
		{6BD2793D-18B9-4A07-90A9-0E89278C6AF0} = {E355D0DC-476B-4B68-8E61-EEEED887B5D2}
	EndGlobalSection
	GlobalSection(ExtensibilityGlobals) = postSolution
		SolutionGuid = {6B4F84A7-7CBD-4F26-A08D-0D568398B461}
	EndGlobalSection
EndGlobal
